version: "1.0"
lockfileVersion: 1
commands:
    rbs_goose:
        name: rbs_goose
        version: 1.0.0
        source: https://github.com/kokuyouwind/claude_rbs_goose.git
        resolved: https://github.com/kokuyouwind/claude_rbs_goose.git@main
        commit: 850d0151270593b3b7c1a64cda7f13a5aac6de9a
        installed_at: 2025-08-25T14:27:52.821138+09:00
        updated_at: 2025-08-25T14:27:52.821138+09:00
